// !$*UTF8*$!
{
	archiveVersion = 1;
	classes = {
	};
	objectVersion = 56;
	objects = {

/* Begin PBXBuildFile section */
		DAB881292B41746F00117D50 /* hello_world.c in Sources */ = {isa = PBXBuildFile; fileRef = DAB881282B41746F00117D50 /* hello_world.c */; };
		DAB8812C2B4174A300117D50 /* add_number.c in Sources */ = {isa = PBXBuildFile; fileRef = DAB8812B2B4174A300117D50 /* add_number.c */; };
		DAB8812F2B41750900117D50 /* area_of_circle.c in Sources */ = {isa = PBXBuildFile; fileRef = DAB8812E2B41750900117D50 /* area_of_circle.c */; };
/* End PBXBuildFile section */

/* Begin PBXCopyFilesBuildPhase section */
		DAB8811B2B41744B00117D50 /* CopyFiles */ = {
			isa = PBXCopyFilesBuildPhase;
			buildActionMask = 2147483647;
			dstPath = /usr/share/man/man1/;
			dstSubfolderSpec = 0;
			files = (
			);
			runOnlyForDeploymentPostprocessing = 1;
		};
/* End PBXCopyFilesBuildPhase section */

/* Begin PBXFileReference section */
		DAB8811D2B41744B00117D50 /* C Workplace */ = {isa = PBXFileReference; explicitFileType = "compiled.mach-o.executable"; includeInIndex = 0; path = "C Workplace"; sourceTree = BUILT_PRODUCTS_DIR; };
		DAB881272B41746F00117D50 /* hello_world.h */ = {isa = PBXFileReference; lastKnownFileType = sourcecode.c.h; path = hello_world.h; sourceTree = "<group>"; };
		DAB881282B41746F00117D50 /* hello_world.c */ = {isa = PBXFileReference; lastKnownFileType = sourcecode.c.c; path = hello_world.c; sourceTree = "<group>"; };
		DAB8812A2B4174A300117D50 /* add_number.h */ = {isa = PBXFileReference; lastKnownFileType = sourcecode.c.h; path = add_number.h; sourceTree = "<group>"; };
		DAB8812B2B4174A300117D50 /* add_number.c */ = {isa = PBXFileReference; lastKnownFileType = sourcecode.c.c; path = add_number.c; sourceTree = "<group>"; };
		DAB8812D2B41750900117D50 /* area_of_circle.h */ = {isa = PBXFileReference; lastKnownFileType = sourcecode.c.h; path = area_of_circle.h; sourceTree = "<group>"; };
		DAB8812E2B41750900117D50 /* area_of_circle.c */ = {isa = PBXFileReference; lastKnownFileType = sourcecode.c.c; path = area_of_circle.c; sourceTree = "<group>"; };
/* End PBXFileReference section */

/* Begin PBXFrameworksBuildPhase section */
		DAB8811A2B41744B00117D50 /* Frameworks */ = {
			isa = PBXFrameworksBuildPhase;
			buildActionMask = 2147483647;
			files = (
			);
			runOnlyForDeploymentPostprocessing = 0;
		};
/* End PBXFrameworksBuildPhase section */

/* Begin PBXGroup section */
		DAB881142B41744B00117D50 = {
			isa = PBXGroup;
			children = (
				DAB8811F2B41744B00117D50 /* C Workplace */,
				DAB8811E2B41744B00117D50 /* Products */,
			);
			sourceTree = "<group>";
		};
		DAB8811E2B41744B00117D50 /* Products */ = {
			isa = PBXGroup;
			children = (
				DAB8811D2B41744B00117D50 /* C Workplace */,
			);
			name = Products;
			sourceTree = "<group>";
		};
		DAB8811F2B41744B00117D50 /* C Workplace */ = {
			isa = PBXGroup;
			children = (
				DAB881272B41746F00117D50 /* hello_world.h */,
				DAB881282B41746F00117D50 /* hello_world.c */,
				DAB8812A2B4174A300117D50 /* add_number.h */,
				DAB8812B2B4174A300117D50 /* add_number.c */,
				DAB8812D2B41750900117D50 /* area_of_circle.h */,
				DAB8812E2B41750900117D50 /* area_of_circle.c */,
			);
			path = "C Workplace";
			sourceTree = "<group>";
		};
/* End PBXGroup section */

/* Begin PBXNativeTarget section */
		DAB8811C2B41744B00117D50 /* C Workplace */ = {
			isa = PBXNativeTarget;
			buildConfigurationList = DAB881242B41744B00117D50 /* Build configuration list for PBXNativeTarget "C Workplace" */;
			buildPhases = (
				DAB881192B41744B00117D50 /* Sources */,
				DAB8811A2B41744B00117D50 /* Frameworks */,
				DAB8811B2B41744B00117D50 /* CopyFiles */,
			);
			buildRules = (
			);
			dependencies = (
			);
			name = "C Workplace";
			productName = "C Workplace";
			productReference = DAB8811D2B41744B00117D50 /* C Workplace */;
			productType = "com.apple.product-type.tool";
		};
/* End PBXNativeTarget section */

/* Begin PBXProject section */
		DAB881152B41744B00117D50 /* Project object */ = {
			isa = PBXProject;
			attributes = {
				BuildIndependentTargetsInParallel = 1;
				LastUpgradeCheck = 1510;
				TargetAttributes = {
					DAB8811C2B41744B00117D50 = {
						CreatedOnToolsVersion = 15.1;
					};
				};
			};
			buildConfigurationList = DAB881182B41744B00117D50 /* Build configuration list for PBXProject "C Workplace" */;
			compatibilityVersion = "Xcode 14.0";
			developmentRegion = en;
			hasScannedForEncodings = 0;
			knownRegions = (
				en,
				Base,
			);
			mainGroup = DAB881142B41744B00117D50;
			productRefGroup = DAB8811E2B41744B00117D50 /* Products */;
			projectDirPath = "";
			projectRoot = "";
			targets = (
				DAB8811C2B41744B00117D50 /* C Workplace */,
			);
		};
/* End PBXProject section */

/* Begin PBXSourcesBuildPhase section */
		DAB881192B41744B00117D50 /* Sources */ = {
			isa = PBXSourcesBuildPhase;
			buildActionMask = 2147483647;
			files = (
				DAB8812C2B4174A300117D50 /* add_number.c in Sources */,
				DAB8812F2B41750900117D50 /* area_of_circle.c in Sources */,
				DAB881292B41746F00117D50 /* hello_world.c in Sources */,
			);
			runOnlyForDeploymentPostprocessing = 0;
		};
/* End PBXSourcesBuildPhase section */

/* Begin XCBuildConfiguration section */
		DAB881222B41744B00117D50 /* Debug */ = {
			isa = XCBuildConfiguration;
			buildSettings = {
				ALWAYS_SEARCH_USER_PATHS = NO;
				ASSETCATALOG_COMPILER_GENERATE_SWIFT_ASSET_SYMBOL_EXTENSIONS = YES;
				CLANG_ANALYZER_NONNULL = YES;
				CLANG_ANALYZER_NUMBER_OBJECT_CONVERSION = YES_AGGRESSIVE;
				CLANG_CXX_LANGUAGE_STANDARD = "gnu++20";
				CLANG_ENABLE_MODULES = YES;
				CLANG_ENABLE_OBJC_ARC = YES;
				CLANG_ENABLE_OBJC_WEAK = YES;
				CLANG_WARN_BLOCK_CAPTURE_AUTORELEASING = YES;
				CLANG_WARN_BOOL_CONVERSION = YES;
				CLANG_WARN_COMMA = YES;
				CLANG_WARN_CONSTANT_CONVERSION = YES;
				CLANG_WARN_DEPRECATED_OBJC_IMPLEMENTATIONS = YES;
				CLANG_WARN_DIRECT_OBJC_ISA_USAGE = YES_ERROR;
				CLANG_WARN_DOCUMENTATION_COMMENTS = YES;
				CLANG_WARN_EMPTY_BODY = YES;
				CLANG_WARN_ENUM_CONVERSION = YES;
				CLANG_WARN_INFINITE_RECURSION = YES;
				CLANG_WARN_INT_CONVERSION = YES;
				CLANG_WARN_NON_LITERAL_NULL_CONVERSION = YES;
				CLANG_WARN_OBJC_IMPLICIT_RETAIN_SELF = YES;
				CLANG_WARN_OBJC_LITERAL_CONVERSION = YES;
				CLANG_WARN_OBJC_ROOT_CLASS = YES_ERROR;
				CLANG_WARN_QUOTED_INCLUDE_IN_FRAMEWORK_HEADER = YES;
				CLANG_WARN_RANGE_LOOP_ANALYSIS = YES;
				CLANG_WARN_STRICT_PROTOTYPES = YES;
				CLANG_WARN_SUSPICIOUS_MOVE = YES;
				CLANG_WARN_UNGUARDED_AVAILABILITY = YES_AGGRESSIVE;
				CLANG_WARN_UNREACHABLE_CODE = YES;
				CLANG_WARN__DUPLICATE_METHOD_MATCH = YES;
				COPY_PHASE_STRIP = NO;
				DEBUG_INFORMATION_FORMAT = dwarf;
				ENABLE_STRICT_OBJC_MSGSEND = YES;
				ENABLE_TESTABILITY = YES;
				ENABLE_USER_SCRIPT_SANDBOXING = YES;
				GCC_C_LANGUAGE_STANDARD = gnu17;
				GCC_DYNAMIC_NO_PIC = NO;
				GCC_NO_COMMON_BLOCKS = YES;
				GCC_OPTIMIZATION_LEVEL = 0;
				GCC_PREPROCESSOR_DEFINITIONS = (
					"DEBUG=1",
					"$(inherited)",
				);
				GCC_WARN_64_TO_32_BIT_CONVERSION = YES;
				GCC_WARN_ABOUT_RETURN_TYPE = YES_ERROR;
				GCC_WARN_UNDECLARED_SELECTOR = YES;
				GCC_WARN_UNINITIALIZED_AUTOS = YES_AGGRESSIVE;
				GCC_WARN_UNUSED_FUNCTION = YES;
				GCC_WARN_UNUSED_VARIABLE = YES;
				LOCALIZATION_PREFERS_STRING_CATALOGS = YES;
				MACOSX_DEPLOYMENT_TARGET = 14.2;
				MTL_ENABLE_DEBUG_INFO = INCLUDE_SOURCE;
				MTL_FAST_MATH = YES;
				ONLY_ACTIVE_ARCH = YES;
				SDKROOT = macosx;
			};
			name = Debug;
		};
		DAB881232B41744B00117D50 /* Release */ = {
			isa = XCBuildConfiguration;
			buildSettings = {
				ALWAYS_SEARCH_USER_PATHS = NO;
				ASSETCATALOG_COMPILER_GENERATE_SWIFT_ASSET_SYMBOL_EXTENSIONS = YES;
				CLANG_ANALYZER_NONNULL = YES;
				CLANG_ANALYZER_NUMBER_OBJECT_CONVERSION = YES_AGGRESSIVE;
				CLANG_CXX_LANGUAGE_STANDARD = "gnu++20";
				CLANG_ENABLE_MODULES = YES;
				CLANG_ENABLE_OBJC_ARC = YES;
				CLANG_ENABLE_OBJC_WEAK = YES;
				CLANG_WARN_BLOCK_CAPTURE_AUTORELEASING = YES;
				CLANG_WARN_BOOL_CONVERSION = YES;
				CLANG_WARN_COMMA = YES;
				CLANG_WARN_CONSTANT_CONVERSION = YES;
				CLANG_WARN_DEPRECATED_OBJC_IMPLEMENTATIONS = YES;
				CLANG_WARN_DIRECT_OBJC_ISA_USAGE = YES_ERROR;
				CLANG_WARN_DOCUMENTATION_COMMENTS = YES;
				CLANG_WARN_EMPTY_BODY = YES;
				CLANG_WARN_ENUM_CONVERSION = YES;
				CLANG_WARN_INFINITE_RECURSION = YES;
				CLANG_WARN_INT_CONVERSION = YES;
				CLANG_WARN_NON_LITERAL_NULL_CONVERSION = YES;
				CLANG_WARN_OBJC_IMPLICIT_RETAIN_SELF = YES;
				CLANG_WARN_OBJC_LITERAL_CONVERSION = YES;
				CLANG_WARN_OBJC_ROOT_CLASS = YES_ERROR;
				CLANG_WARN_QUOTED_INCLUDE_IN_FRAMEWORK_HEADER = YES;
				CLANG_WARN_RANGE_LOOP_ANALYSIS = YES;
				CLANG_WARN_STRICT_PROTOTYPES = YES;
				CLANG_WARN_SUSPICIOUS_MOVE = YES;
				CLANG_WARN_UNGUARDED_AVAILABILITY = YES_AGGRESSIVE;
				CLANG_WARN_UNREACHABLE_CODE = YES;
				CLANG_WARN__DUPLICATE_METHOD_MATCH = YES;
				COPY_PHASE_STRIP = NO;
				DEBUG_INFORMATION_FORMAT = "dwarf-with-dsym";
				ENABLE_NS_ASSERTIONS = NO;
				ENABLE_STRICT_OBJC_MSGSEND = YES;
				ENABLE_USER_SCRIPT_SANDBOXING = YES;
				GCC_C_LANGUAGE_STANDARD = gnu17;
				GCC_NO_COMMON_BLOCKS = YES;
				GCC_WARN_64_TO_32_BIT_CONVERSION = YES;
				GCC_WARN_ABOUT_RETURN_TYPE = YES_ERROR;
				GCC_WARN_UNDECLARED_SELECTOR = YES;
				GCC_WARN_UNINITIALIZED_AUTOS = YES_AGGRESSIVE;
				GCC_WARN_UNUSED_FUNCTION = YES;
				GCC_WARN_UNUSED_VARIABLE = YES;
				LOCALIZATION_PREFERS_STRING_CATALOGS = YES;
				MACOSX_DEPLOYMENT_TARGET = 14.2;
				MTL_ENABLE_DEBUG_INFO = NO;
				MTL_FAST_MATH = YES;
				SDKROOT = macosx;
			};
			name = Release;
		};
		DAB881252B41744B00117D50 /* Debug */ = {
			isa = XCBuildConfiguration;
			buildSettings = {
				CODE_SIGN_STYLE = Automatic;
				DEVELOPMENT_TEAM = Y2FD4T87R7;
				ENABLE_HARDENED_RUNTIME = YES;
				PRODUCT_NAME = "$(TARGET_NAME)";
			};
			name = Debug;
		};
		DAB881262B41744B00117D50 /* Release */ = {
			isa = XCBuildConfiguration;
			buildSettings = {
				CODE_SIGN_STYLE = Automatic;
				DEVELOPMENT_TEAM = Y2FD4T87R7;
				ENABLE_HARDENED_RUNTIME = YES;
				PRODUCT_NAME = "$(TARGET_NAME)";
			};
			name = Release;
		};
/* End XCBuildConfiguration section */

/* Begin XCConfigurationList section */
		DAB881182B41744B00117D50 /* Build configuration list for PBXProject "C Workplace" */ = {
			isa = XCConfigurationList;
			buildConfigurations = (
				DAB881222B41744B00117D50 /* Debug */,
				DAB881232B41744B00117D50 /* Release */,
			);
			defaultConfigurationIsVisible = 0;
			defaultConfigurationName = Release;
		};
		DAB881242B41744B00117D50 /* Build configuration list for PBXNativeTarget "C Workplace" */ = {
			isa = XCConfigurationList;
			buildConfigurations = (
				DAB881252B41744B00117D50 /* Debug */,
				DAB881262B41744B00117D50 /* Release */,
			);
			defaultConfigurationIsVisible = 0;
			defaultConfigurationName = Release;
		};
/* End XCConfigurationList section */
	};
	rootObject = DAB881152B41744B00117D50 /* Project object */;
}
